// !$*UTF8*$!
{
	archiveVersion = 1;
	classes = {
	};
	objectVersion = 56;
	objects = {

/* Begin PBXBuildFile section */
		196490FA2A2EA57000D99A66 /* FierbaseAAApp.swift in Sources */ = {isa = PBXBuildFile; fileRef = 196490F92A2EA57000D99A66 /* FierbaseAAApp.swift */; };
		196490FC2A2EA57000D99A66 /* ContentView.swift in Sources */ = {isa = PBXBuildFile; fileRef = 196490FB2A2EA57000D99A66 /* ContentView.swift */; };
		196490FE2A2EA57300D99A66 /* Assets.xcassets in Resources */ = {isa = PBXBuildFile; fileRef = 196490FD2A2EA57300D99A66 /* Assets.xcassets */; };
		196491012A2EA57300D99A66 /* Preview Assets.xcassets in Resources */ = {isa = PBXBuildFile; fileRef = 196491002A2EA57300D99A66 /* Preview Assets.xcassets */; };
		19C223FB2A2EAE1A00931228 /* SingIn.swift in Sources */ = {isa = PBXBuildFile; fileRef = 19C223FA2A2EAE1A00931228 /* SingIn.swift */; };
		19C223FE2A2EAFCD00931228 /* FirebaseAuth in Frameworks */ = {isa = PBXBuildFile; productRef = 19C223FD2A2EAFCD00931228 /* FirebaseAuth */; };
		19C224002A2EAFCD00931228 /* FirebaseFirestore in Frameworks */ = {isa = PBXBuildFile; productRef = 19C223FF2A2EAFCD00931228 /* FirebaseFirestore */; };
		19C224022A2EAFCD00931228 /* FirebaseStorage in Frameworks */ = {isa = PBXBuildFile; productRef = 19C224012A2EAFCD00931228 /* FirebaseStorage */; };
		19C224042A2EB72300931228 /* GoogleService-Info.plist in Resources */ = {isa = PBXBuildFile; fileRef = 19C224032A2EB72300931228 /* GoogleService-Info.plist */; };
/* End PBXBuildFile section */

/* Begin PBXFileReference section */
		196490F62A2EA57000D99A66 /* FierbaseAA.app */ = {isa = PBXFileReference; explicitFileType = wrapper.application; includeInIndex = 0; path = FierbaseAA.app; sourceTree = BUILT_PRODUCTS_DIR; };
		196490F92A2EA57000D99A66 /* FierbaseAAApp.swift */ = {isa = PBXFileReference; lastKnownFileType = sourcecode.swift; path = FierbaseAAApp.swift; sourceTree = "<group>"; };
		196490FB2A2EA57000D99A66 /* ContentView.swift */ = {isa = PBXFileReference; lastKnownFileType = sourcecode.swift; path = ContentView.swift; sourceTree = "<group>"; };
		196490FD2A2EA57300D99A66 /* Assets.xcassets */ = {isa = PBXFileReference; lastKnownFileType = folder.assetcatalog; path = Assets.xcassets; sourceTree = "<group>"; };
		196491002A2EA57300D99A66 /* Preview Assets.xcassets */ = {isa = PBXFileReference; lastKnownFileType = folder.assetcatalog; path = "Preview Assets.xcassets"; sourceTree = "<group>"; };
		19C223FA2A2EAE1A00931228 /* SingIn.swift */ = {isa = PBXFileReference; lastKnownFileType = sourcecode.swift; path = SingIn.swift; sourceTree = "<group>"; };
		19C224032A2EB72300931228 /* GoogleService-Info.plist */ = {isa = PBXFileReference; fileEncoding = 4; lastKnownFileType = text.plist.xml; path = "GoogleService-Info.plist"; sourceTree = "<group>"; };
/* End PBXFileReference section */

/* Begin PBXFrameworksBuildPhase section */
		196490F32A2EA57000D99A66 /* Frameworks */ = {
			isa = PBXFrameworksBuildPhase;
			buildActionMask = 2147483647;
			files = (
				19C223FE2A2EAFCD00931228 /* FirebaseAuth in Frameworks */,
				19C224002A2EAFCD00931228 /* FirebaseFirestore in Frameworks */,
				19C224022A2EAFCD00931228 /* FirebaseStorage in Frameworks */,
			);
			runOnlyForDeploymentPostprocessing = 0;
		};
/* End PBXFrameworksBuildPhase section */

/* Begin PBXGroup section */
		196490ED2A2EA57000D99A66 = {
			isa = PBXGroup;
			children = (
				196490F82A2EA57000D99A66 /* FierbaseAA */,
				196490F72A2EA57000D99A66 /* Products */,
			);
			sourceTree = "<group>";
		};
		196490F72A2EA57000D99A66 /* Products */ = {
			isa = PBXGroup;
			children = (
				196490F62A2EA57000D99A66 /* FierbaseAA.app */,
			);
			name = Products;
			sourceTree = "<group>";
		};
		196490F82A2EA57000D99A66 /* FierbaseAA */ = {
			isa = PBXGroup;
			children = (
				196490F92A2EA57000D99A66 /* FierbaseAAApp.swift */,
				19C224032A2EB72300931228 /* GoogleService-Info.plist */,
				19C223FA2A2EAE1A00931228 /* SingIn.swift */,
				196490FB2A2EA57000D99A66 /* ContentView.swift */,
				196490FD2A2EA57300D99A66 /* Assets.xcassets */,
				196490FF2A2EA57300D99A66 /* Preview Content */,
			);
			path = FierbaseAA;
			sourceTree = "<group>";
		};
		196490FF2A2EA57300D99A66 /* Preview Content */ = {
			isa = PBXGroup;
			children = (
				196491002A2EA57300D99A66 /* Preview Assets.xcassets */,
			);
			path = "Preview Content";
			sourceTree = "<group>";
		};
/* End PBXGroup section */

/* Begin PBXNativeTarget section */
		196490F52A2EA57000D99A66 /* FierbaseAA */ = {
			isa = PBXNativeTarget;
			buildConfigurationList = 196491042A2EA57300D99A66 /* Build configuration list for PBXNativeTarget "FierbaseAA" */;
			buildPhases = (
				196490F22A2EA57000D99A66 /* Sources */,
				196490F32A2EA57000D99A66 /* Frameworks */,
				196490F42A2EA57000D99A66 /* Resources */,
			);
			buildRules = (
			);
			dependencies = (
			);
			name = FierbaseAA;
			packageProductDependencies = (
				19C223FD2A2EAFCD00931228 /* FirebaseAuth */,
				19C223FF2A2EAFCD00931228 /* FirebaseFirestore */,
				19C224012A2EAFCD00931228 /* FirebaseStorage */,
			);
			productName = FierbaseAA;
			productReference = 196490F62A2EA57000D99A66 /* FierbaseAA.app */;
			productType = "com.apple.product-type.application";
		};
/* End PBXNativeTarget section */

/* Begin PBXProject section */
		196490EE2A2EA57000D99A66 /* Project object */ = {
			isa = PBXProject;
			attributes = {
				BuildIndependentTargetsInParallel = 1;
				LastSwiftUpdateCheck = 1430;
				LastUpgradeCheck = 1430;
				TargetAttributes = {
					196490F52A2EA57000D99A66 = {
						CreatedOnToolsVersion = 14.3;
					};
				};
			};
			buildConfigurationList = 196490F12A2EA57000D99A66 /* Build configuration list for PBXProject "FierbaseAA" */;
			compatibilityVersion = "Xcode 14.0";
			developmentRegion = en;
			hasScannedForEncodings = 0;
			knownRegions = (
				en,
				Base,
			);
			mainGroup = 196490ED2A2EA57000D99A66;
			packageReferences = (
				19C223FC2A2EAFCD00931228 /* XCRemoteSwiftPackageReference "firebase-ios-sdk" */,
			);
			productRefGroup = 196490F72A2EA57000D99A66 /* Products */;
			projectDirPath = "";
			projectRoot = "";
			targets = (
				196490F52A2EA57000D99A66 /* FierbaseAA */,
			);
		};
/* End PBXProject section */

/* Begin PBXResourcesBuildPhase section */
		196490F42A2EA57000D99A66 /* Resources */ = {
			isa = PBXResourcesBuildPhase;
			buildActionMask = 2147483647;
			files = (
				196491012A2EA57300D99A66 /* Preview Assets.xcassets in Resources */,
				196490FE2A2EA57300D99A66 /* Assets.xcassets in Resources */,
				19C224042A2EB72300931228 /* GoogleService-Info.plist in Resources */,
			);
			runOnlyForDeploymentPostprocessing = 0;
		};
/* End PBXResourcesBuildPhase section */

/* Begin PBXSourcesBuildPhase section */
		196490F22A2EA57000D99A66 /* Sources */ = {
			isa = PBXSourcesBuildPhase;
			buildActionMask = 2147483647;
			files = (
				19C223FB2A2EAE1A00931228 /* SingIn.swift in Sources */,
				196490FC2A2EA57000D99A66 /* ContentView.swift in Sources */,
				196490FA2A2EA57000D99A66 /* FierbaseAAApp.swift in Sources */,
			);
			runOnlyForDeploymentPostprocessing = 0;
		};
/* End PBXSourcesBuildPhase section */

/* Begin XCBuildConfiguration section */
		196491022A2EA57300D99A66 /* Debug */ = {
			isa = XCBuildConfiguration;
			buildSettings = {
				ALWAYS_SEARCH_USER_PATHS = NO;
				CLANG_ANALYZER_NONNULL = YES;
				CLANG_ANALYZER_NUMBER_OBJECT_CONVERSION = YES_AGGRESSIVE;
				CLANG_CXX_LANGUAGE_STANDARD = "gnu++20";
				CLANG_ENABLE_MODULES = YES;
				CLANG_ENABLE_OBJC_ARC = YES;
				CLANG_ENABLE_OBJC_WEAK = YES;
				CLANG_WARN_BLOCK_CAPTURE_AUTORELEASING = YES;
				CLANG_WARN_BOOL_CONVERSION = YES;
				CLANG_WARN_COMMA = YES;
				CLANG_WARN_CONSTANT_CONVERSION = YES;
				CLANG_WARN_DEPRECATED_OBJC_IMPLEMENTATIONS = YES;
				CLANG_WARN_DIRECT_OBJC_ISA_USAGE = YES_ERROR;
				CLANG_WARN_DOCUMENTATION_COMMENTS = YES;
				CLANG_WARN_EMPTY_BODY = YES;
				CLANG_WARN_ENUM_CONVERSION = YES;
				CLANG_WARN_INFINITE_RECURSION = YES;
				CLANG_WARN_INT_CONVERSION = YES;
				CLANG_WARN_NON_LITERAL_NULL_CONVERSION = YES;
				CLANG_WARN_OBJC_IMPLICIT_RETAIN_SELF = YES;
				CLANG_WARN_OBJC_LITERAL_CONVERSION = YES;
				CLANG_WARN_OBJC_ROOT_CLASS = YES_ERROR;
				CLANG_WARN_QUOTED_INCLUDE_IN_FRAMEWORK_HEADER = YES;
				CLANG_WARN_RANGE_LOOP_ANALYSIS = YES;
				CLANG_WARN_STRICT_PROTOTYPES = YES;
				CLANG_WARN_SUSPICIOUS_MOVE = YES;
				CLANG_WARN_UNGUARDED_AVAILABILITY = YES_AGGRESSIVE;
				CLANG_WARN_UNREACHABLE_CODE = YES;
				CLANG_WARN__DUPLICATE_METHOD_MATCH = YES;
				COPY_PHASE_STRIP = NO;
				DEBUG_INFORMATION_FORMAT = dwarf;
				ENABLE_STRICT_OBJC_MSGSEND = YES;
				ENABLE_TESTABILITY = YES;
				GCC_C_LANGUAGE_STANDARD = gnu11;
				GCC_DYNAMIC_NO_PIC = NO;
				GCC_NO_COMMON_BLOCKS = YES;
				GCC_OPTIMIZATION_LEVEL = 0;
				GCC_PREPROCESSOR_DEFINITIONS = (
					"DEBUG=1",
					"$(inherited)",
				);
				GCC_WARN_64_TO_32_BIT_CONVERSION = YES;
				GCC_WARN_ABOUT_RETURN_TYPE = YES_ERROR;
				GCC_WARN_UNDECLARED_SELECTOR = YES;
				GCC_WARN_UNINITIALIZED_AUTOS = YES_AGGRESSIVE;
				GCC_WARN_UNUSED_FUNCTION = YES;
				GCC_WARN_UNUSED_VARIABLE = YES;
				IPHONEOS_DEPLOYMENT_TARGET = 16.4;
				MTL_ENABLE_DEBUG_INFO = INCLUDE_SOURCE;
				MTL_FAST_MATH = YES;
				ONLY_ACTIVE_ARCH = YES;
				SDKROOT = iphoneos;
				SWIFT_ACTIVE_COMPILATION_CONDITIONS = DEBUG;
				SWIFT_OPTIMIZATION_LEVEL = "-Onone";
			};
			name = Debug;
		};
		196491032A2EA57300D99A66 /* Release */ = {
			isa = XCBuildConfiguration;
			buildSettings = {
				ALWAYS_SEARCH_USER_PATHS = NO;
				CLANG_ANALYZER_NONNULL = YES;
				CLANG_ANALYZER_NUMBER_OBJECT_CONVERSION = YES_AGGRESSIVE;
				CLANG_CXX_LANGUAGE_STANDARD = "gnu++20";
				CLANG_ENABLE_MODULES = YES;
				CLANG_ENABLE_OBJC_ARC = YES;
				CLANG_ENABLE_OBJC_WEAK = YES;
				CLANG_WARN_BLOCK_CAPTURE_AUTORELEASING = YES;
				CLANG_WARN_BOOL_CONVERSION = YES;
				CLANG_WARN_COMMA = YES;
				CLANG_WARN_CONSTANT_CONVERSION = YES;
				CLANG_WARN_DEPRECATED_OBJC_IMPLEMENTATIONS = YES;
				CLANG_WARN_DIRECT_OBJC_ISA_USAGE = YES_ERROR;
				CLANG_WARN_DOCUMENTATION_COMMENTS = YES;
				CLANG_WARN_EMPTY_BODY = YES;
				CLANG_WARN_ENUM_CONVERSION = YES;
				CLANG_WARN_INFINITE_RECURSION = YES;
				CLANG_WARN_INT_CONVERSION = YES;
				CLANG_WARN_NON_LITERAL_NULL_CONVERSION = YES;
				CLANG_WARN_OBJC_IMPLICIT_RETAIN_SELF = YES;
				CLANG_WARN_OBJC_LITERAL_CONVERSION = YES;
				CLANG_WARN_OBJC_ROOT_CLASS = YES_ERROR;
				CLANG_WARN_QUOTED_INCLUDE_IN_FRAMEWORK_HEADER = YES;
				CLANG_WARN_RANGE_LOOP_ANALYSIS = YES;
				CLANG_WARN_STRICT_PROTOTYPES = YES;
				CLANG_WARN_SUSPICIOUS_MOVE = YES;
				CLANG_WARN_UNGUARDED_AVAILABILITY = YES_AGGRESSIVE;
				CLANG_WARN_UNREACHABLE_CODE = YES;
				CLANG_WARN__DUPLICATE_METHOD_MATCH = YES;
				COPY_PHASE_STRIP = NO;
				DEBUG_INFORMATION_FORMAT = "dwarf-with-dsym";
				ENABLE_NS_ASSERTIONS = NO;
				ENABLE_STRICT_OBJC_MSGSEND = YES;
				GCC_C_LANGUAGE_STANDARD = gnu11;
				GCC_NO_COMMON_BLOCKS = YES;
				GCC_WARN_64_TO_32_BIT_CONVERSION = YES;
				GCC_WARN_ABOUT_RETURN_TYPE = YES_ERROR;
				GCC_WARN_UNDECLARED_SELECTOR = YES;
				GCC_WARN_UNINITIALIZED_AUTOS = YES_AGGRESSIVE;
				GCC_WARN_UNUSED_FUNCTION = YES;
				GCC_WARN_UNUSED_VARIABLE = YES;
				IPHONEOS_DEPLOYMENT_TARGET = 16.4;
				MTL_ENABLE_DEBUG_INFO = NO;
				MTL_FAST_MATH = YES;
				SDKROOT = iphoneos;
				SWIFT_COMPILATION_MODE = wholemodule;
				SWIFT_OPTIMIZATION_LEVEL = "-O";
				VALIDATE_PRODUCT = YES;
			};
			name = Release;
		};
		196491052A2EA57300D99A66 /* Debug */ = {
			isa = XCBuildConfiguration;
			buildSettings = {
				ASSETCATALOG_COMPILER_APPICON_NAME = AppIcon;
				ASSETCATALOG_COMPILER_GLOBAL_ACCENT_COLOR_NAME = AccentColor;
				CODE_SIGN_STYLE = Automatic;
				CURRENT_PROJECT_VERSION = 1;
				DEVELOPMENT_ASSET_PATHS = "\"FierbaseAA/Preview Content\"";
				ENABLE_PREVIEWS = YES;
				GENERATE_INFOPLIST_FILE = YES;
				INFOPLIST_KEY_UIApplicationSceneManifest_Generation = YES;
				INFOPLIST_KEY_UIApplicationSupportsIndirectInputEvents = YES;
				INFOPLIST_KEY_UILaunchScreen_Generation = YES;
				INFOPLIST_KEY_UISupportedInterfaceOrientations_iPad = "UIInterfaceOrientationPortrait UIInterfaceOrientationPortraitUpsideDown UIInterfaceOrientationLandscapeLeft UIInterfaceOrientationLandscapeRight";
				INFOPLIST_KEY_UISupportedInterfaceOrientations_iPhone = "UIInterfaceOrientationPortrait UIInterfaceOrientationLandscapeLeft UIInterfaceOrientationLandscapeRight";
				LD_RUNPATH_SEARCH_PATHS = (
					"$(inherited)",
					"@executable_path/Frameworks",
				);
				MARKETING_VERSION = 1.0;
				PRODUCT_BUNDLE_IDENTIFIER = com.example.FierbaseAA;
				PRODUCT_NAME = "$(TARGET_NAME)";
				SWIFT_EMIT_LOC_STRINGS = YES;
				SWIFT_VERSION = 5.0;
				TARGETED_DEVICE_FAMILY = "1,2";
			};
			name = Debug;
		};
		196491062A2EA57300D99A66 /* Release */ = {
			isa = XCBuildConfiguration;
			buildSettings = {
				ASSETCATALOG_COMPILER_APPICON_NAME = AppIcon;
				ASSETCATALOG_COMPILER_GLOBAL_ACCENT_COLOR_NAME = AccentColor;
				CODE_SIGN_STYLE = Automatic;
				CURRENT_PROJECT_VERSION = 1;
				DEVELOPMENT_ASSET_PATHS = "\"FierbaseAA/Preview Content\"";
				ENABLE_PREVIEWS = YES;
				GENERATE_INFOPLIST_FILE = YES;
				INFOPLIST_KEY_UIApplicationSceneManifest_Generation = YES;
				INFOPLIST_KEY_UIApplicationSupportsIndirectInputEvents = YES;
				INFOPLIST_KEY_UILaunchScreen_Generation = YES;
				INFOPLIST_KEY_UISupportedInterfaceOrientations_iPad = "UIInterfaceOrientationPortrait UIInterfaceOrientationPortraitUpsideDown UIInterfaceOrientationLandscapeLeft UIInterfaceOrientationLandscapeRight";
				INFOPLIST_KEY_UISupportedInterfaceOrientations_iPhone = "UIInterfaceOrientationPortrait UIInterfaceOrientationLandscapeLeft UIInterfaceOrientationLandscapeRight";
				LD_RUNPATH_SEARCH_PATHS = (
					"$(inherited)",
					"@executable_path/Frameworks",
				);
				MARKETING_VERSION = 1.0;
				PRODUCT_BUNDLE_IDENTIFIER = com.example.FierbaseAA;
				PRODUCT_NAME = "$(TARGET_NAME)";
				SWIFT_EMIT_LOC_STRINGS = YES;
				SWIFT_VERSION = 5.0;
				TARGETED_DEVICE_FAMILY = "1,2";
			};
			name = Release;
		};
/* End XCBuildConfiguration section */

/* Begin XCConfigurationList section */
		196490F12A2EA57000D99A66 /* Build configuration list for PBXProject "FierbaseAA" */ = {
			isa = XCConfigurationList;
			buildConfigurations = (
				196491022A2EA57300D99A66 /* Debug */,
				196491032A2EA57300D99A66 /* Release */,
			);
			defaultConfigurationIsVisible = 0;
			defaultConfigurationName = Release;
		};
		196491042A2EA57300D99A66 /* Build configuration list for PBXNativeTarget "FierbaseAA" */ = {
			isa = XCConfigurationList;
			buildConfigurations = (
				196491052A2EA57300D99A66 /* Debug */,
				196491062A2EA57300D99A66 /* Release */,
			);
			defaultConfigurationIsVisible = 0;
			defaultConfigurationName = Release;
		};
/* End XCConfigurationList section */

/* Begin XCRemoteSwiftPackageReference section */
		19C223FC2A2EAFCD00931228 /* XCRemoteSwiftPackageReference "firebase-ios-sdk" */ = {
			isa = XCRemoteSwiftPackageReference;
			repositoryURL = "https://github.com/firebase/firebase-ios-sdk.git";
			requirement = {
				kind = upToNextMajorVersion;
				minimumVersion = 10.0.0;
			};
		};
/* End XCRemoteSwiftPackageReference section */

/* Begin XCSwiftPackageProductDependency section */
		19C223FD2A2EAFCD00931228 /* FirebaseAuth */ = {
			isa = XCSwiftPackageProductDependency;
			package = 19C223FC2A2EAFCD00931228 /* XCRemoteSwiftPackageReference "firebase-ios-sdk" */;
			productName = FirebaseAuth;
		};
		19C223FF2A2EAFCD00931228 /* FirebaseFirestore */ = {
			isa = XCSwiftPackageProductDependency;
			package = 19C223FC2A2EAFCD00931228 /* XCRemoteSwiftPackageReference "firebase-ios-sdk" */;
			productName = FirebaseFirestore;
		};
		19C224012A2EAFCD00931228 /* FirebaseStorage */ = {
			isa = XCSwiftPackageProductDependency;
			package = 19C223FC2A2EAFCD00931228 /* XCRemoteSwiftPackageReference "firebase-ios-sdk" */;
			productName = FirebaseStorage;
		};
/* End XCSwiftPackageProductDependency section */
	};
	rootObject = 196490EE2A2EA57000D99A66 /* Project object */;
}
